
Microsoft Visual Studio Solution File, Format Version 12.00
# Visual Studio Version 17
VisualStudioVersion = 17.4.33403.182
MinimumVisualStudioVersion = 10.0.40219.1
Project("{FAE04EC0-301F-11D3-BF4B-00C04F79EFBC}") = "TodoList", "TodoList\TodoList.csproj", "{2E40FEDE-89B7-468E-AF92-B64EAC3D1270}"
EndProject
Global
	GlobalSection(SolutionConfigurationPlatforms) = preSolution
		Debug|Any CPU = Debug|Any CPU
		Release|Any CPU = Release|Any CPU
	EndGlobalSection
	GlobalSection(ProjectConfigurationPlatforms) = postSolution
		{2E40FEDE-89B7-468E-AF92-B64EAC3D1270}.Debug|Any CPU.ActiveCfg = Debug|Any CPU
		{2E40FEDE-89B7-468E-AF92-B64EAC3D1270}.Debug|Any CPU.Build.0 = Debug|Any CPU
		{2E40FEDE-89B7-468E-AF92-B64EAC3D1270}.Release|Any CPU.ActiveCfg = Release|Any CPU
		{2E40FEDE-89B7-468E-AF92-B64EAC3D1270}.Release|Any CPU.Build.0 = Release|Any CPU
	EndGlobalSection
	GlobalSection(SolutionProperties) = preSolution
		HideSolutionNode = FALSE
	EndGlobalSection
	GlobalSection(ExtensibilityGlobals) = postSolution
		SolutionGuid = {1FEB2987-A92E-406F-A598-C1054A43780B}
	EndGlobalSection
EndGlobal
